
Microsoft Visual Studio Solution File, Format Version 12.00
# Visual Studio Version 17
VisualStudioVersion = 17.10.35027.167
MinimumVisualStudioVersion = 10.0.40219.1
Project("{FAE04EC0-301F-11D3-BF4B-00C04F79EFBC}") = "PulseAPI", "PulseAPI\PulseAPI.csproj", "{EC644259-C5DD-4C67-8820-84329ADFB517}"
EndProject
Global
	GlobalSection(SolutionConfigurationPlatforms) = preSolution
		Debug|Any CPU = Debug|Any CPU
		Release|Any CPU = Release|Any CPU
	EndGlobalSection
	GlobalSection(ProjectConfigurationPlatforms) = postSolution
		{EC644259-C5DD-4C67-8820-84329ADFB517}.Debug|Any CPU.ActiveCfg = Debug|Any CPU
		{EC644259-C5DD-4C67-8820-84329ADFB517}.Debug|Any CPU.Build.0 = Debug|Any CPU
		{EC644259-C5DD-4C67-8820-84329ADFB517}.Release|Any CPU.ActiveCfg = Release|Any CPU
		{EC644259-C5DD-4C67-8820-84329ADFB517}.Release|Any CPU.Build.0 = Release|Any CPU
	EndGlobalSection
	GlobalSection(SolutionProperties) = preSolution
		HideSolutionNode = FALSE
	EndGlobalSection
	GlobalSection(ExtensibilityGlobals) = postSolution
		SolutionGuid = {B9D1DEA6-5A44-4E28-B775-64F8F55CC4C9}
	EndGlobalSection
EndGlobal
